
Microsoft Visual Studio Solution File, Format Version 12.00
# Visual Studio Version 16
VisualStudioVersion = 16.0.30128.74
MinimumVisualStudioVersion = 10.0.40219.1
Project("{FAE04EC0-301F-11D3-BF4B-00C04F79EFBC}") = "MoviesApi", "MoviesApi\MoviesApi.csproj", "{8AFDF4EE-9413-40AB-A747-D648F8E65CB7}"
EndProject
Global
	GlobalSection(SolutionConfigurationPlatforms) = preSolution
		Debug|Any CPU = Debug|Any CPU
		Release|Any CPU = Release|Any CPU
	EndGlobalSection
	GlobalSection(ProjectConfigurationPlatforms) = postSolution
		{8AFDF4EE-9413-40AB-A747-D648F8E65CB7}.Debug|Any CPU.ActiveCfg = Debug|Any CPU
		{8AFDF4EE-9413-40AB-A747-D648F8E65CB7}.Debug|Any CPU.Build.0 = Debug|Any CPU
		{8AFDF4EE-9413-40AB-A747-D648F8E65CB7}.Release|Any CPU.ActiveCfg = Release|Any CPU
		{8AFDF4EE-9413-40AB-A747-D648F8E65CB7}.Release|Any CPU.Build.0 = Release|Any CPU
	EndGlobalSection
	GlobalSection(SolutionProperties) = preSolution
		HideSolutionNode = FALSE
	EndGlobalSection
	GlobalSection(ExtensibilityGlobals) = postSolution
		SolutionGuid = {66A1AE4A-C5CA-4864-9B52-41C7596BAD82}
	EndGlobalSection
EndGlobal
